{
  "name": "callersignal",
  "version": "0.4.0",
  "lockfileVersion": 3,
  "requires": true,
  "packages": {
    "": {
      "name": "callersignal",
      "version": "0.4.0",
      "license": "MIT",
      "workspaces": [
        "web"
      ],
      "engines": {
        "node": ">=22"
      }
    },
    "node_modules/callersignal-web": {
      "resolved": "web",
      "link": true
    },
    "web": {
      "name": "callersignal-web",
      "version": "0.4.0",
      "engines": {
        "node": ">=22"
      }
    }
  }
}
